
Microsoft Visual Studio Solution File, Format Version 12.00
# Visual Studio Version 17
VisualStudioVersion = 17.11.35208.52
MinimumVisualStudioVersion = 10.0.40219.1
Project("{2150E333-8FDC-42A3-9474-1A3956D46DE8}") = "Order", "Order", "{40D16832-FAB4-4221-8F79-2C48782F9E3B}"
EndProject
Project("{9A19103F-16F7-4668-BE54-9A1E7A4F7556}") = "Repository", "Order.Repository\Repository.csproj", "{E487D595-F10E-4595-A466-596978A274C8}"
EndProject
Project("{9A19103F-16F7-4668-BE54-9A1E7A4F7556}") = "Order.API", "Order.API\Order.API.csproj", "{F810CE38-AF74-404C-96C7-35D70010C430}"
EndProject
Project("{2150E333-8FDC-42A3-9474-1A3956D46DE8}") = "Bus", "Bus", "{69B3A978-3EAE-4E5A-9557-8FD4F453E988}"
EndProject
Project("{9A19103F-16F7-4668-BE54-9A1E7A4F7556}") = "ServiceBus", "ServiceBus\ServiceBus.csproj", "{9B963B12-8569-42EF-9834-154980F532E2}"
EndProject
Project("{9A19103F-16F7-4668-BE54-9A1E7A4F7556}") = "Order.Domain", "Order.Domain\Order.Domain.csproj", "{3BB3DCA8-D1B2-4983-ADFF-757368A6A288}"
EndProject
Project("{2150E333-8FDC-42A3-9474-1A3956D46DE8}") = "CleanArchitecture", "CleanArchitecture", "{6A68381E-29C0-4C1C-BF8E-5EEAA51B0363}"
EndProject
Project("{9A19103F-16F7-4668-BE54-9A1E7A4F7556}") = "Order.Application", "Order.Application\Order.Application.csproj", "{BA37F717-F4AA-43F5-ABD7-4B3956E0A617}"
EndProject
Project("{2150E333-8FDC-42A3-9474-1A3956D46DE8}") = "Infrastructure", "Infrastructure", "{F7605B0F-0870-410D-B80F-9FFD3534CB96}"
EndProject
Project("{9A19103F-16F7-4668-BE54-9A1E7A4F7556}") = "Caching", "Caching\Caching.csproj", "{CBC2FF00-9B70-4CD4-942B-DFA601C323B8}"
EndProject
Global
	GlobalSection(SolutionConfigurationPlatforms) = preSolution
		Debug|Any CPU = Debug|Any CPU
		Release|Any CPU = Release|Any CPU
	EndGlobalSection
	GlobalSection(ProjectConfigurationPlatforms) = postSolution
		{E487D595-F10E-4595-A466-596978A274C8}.Debug|Any CPU.ActiveCfg = Debug|Any CPU
		{E487D595-F10E-4595-A466-596978A274C8}.Debug|Any CPU.Build.0 = Debug|Any CPU
		{E487D595-F10E-4595-A466-596978A274C8}.Release|Any CPU.ActiveCfg = Release|Any CPU
		{E487D595-F10E-4595-A466-596978A274C8}.Release|Any CPU.Build.0 = Release|Any CPU
		{F810CE38-AF74-404C-96C7-35D70010C430}.Debug|Any CPU.ActiveCfg = Debug|Any CPU
		{F810CE38-AF74-404C-96C7-35D70010C430}.Debug|Any CPU.Build.0 = Debug|Any CPU
		{F810CE38-AF74-404C-96C7-35D70010C430}.Release|Any CPU.ActiveCfg = Release|Any CPU
		{F810CE38-AF74-404C-96C7-35D70010C430}.Release|Any CPU.Build.0 = Release|Any CPU
		{9B963B12-8569-42EF-9834-154980F532E2}.Debug|Any CPU.ActiveCfg = Debug|Any CPU
		{9B963B12-8569-42EF-9834-154980F532E2}.Debug|Any CPU.Build.0 = Debug|Any CPU
		{9B963B12-8569-42EF-9834-154980F532E2}.Release|Any CPU.ActiveCfg = Release|Any CPU
		{9B963B12-8569-42EF-9834-154980F532E2}.Release|Any CPU.Build.0 = Release|Any CPU
		{3BB3DCA8-D1B2-4983-ADFF-757368A6A288}.Debug|Any CPU.ActiveCfg = Debug|Any CPU
		{3BB3DCA8-D1B2-4983-ADFF-757368A6A288}.Debug|Any CPU.Build.0 = Debug|Any CPU
		{3BB3DCA8-D1B2-4983-ADFF-757368A6A288}.Release|Any CPU.ActiveCfg = Release|Any CPU
		{3BB3DCA8-D1B2-4983-ADFF-757368A6A288}.Release|Any CPU.Build.0 = Release|Any CPU
		{BA37F717-F4AA-43F5-ABD7-4B3956E0A617}.Debug|Any CPU.ActiveCfg = Debug|Any CPU
		{BA37F717-F4AA-43F5-ABD7-4B3956E0A617}.Debug|Any CPU.Build.0 = Debug|Any CPU
		{BA37F717-F4AA-43F5-ABD7-4B3956E0A617}.Release|Any CPU.ActiveCfg = Release|Any CPU
		{BA37F717-F4AA-43F5-ABD7-4B3956E0A617}.Release|Any CPU.Build.0 = Release|Any CPU
		{CBC2FF00-9B70-4CD4-942B-DFA601C323B8}.Debug|Any CPU.ActiveCfg = Debug|Any CPU
		{CBC2FF00-9B70-4CD4-942B-DFA601C323B8}.Debug|Any CPU.Build.0 = Debug|Any CPU
		{CBC2FF00-9B70-4CD4-942B-DFA601C323B8}.Release|Any CPU.ActiveCfg = Release|Any CPU
		{CBC2FF00-9B70-4CD4-942B-DFA601C323B8}.Release|Any CPU.Build.0 = Release|Any CPU
	EndGlobalSection
	GlobalSection(SolutionProperties) = preSolution
		HideSolutionNode = FALSE
	EndGlobalSection
	GlobalSection(NestedProjects) = preSolution
		{E487D595-F10E-4595-A466-596978A274C8} = {F7605B0F-0870-410D-B80F-9FFD3534CB96}
		{F810CE38-AF74-404C-96C7-35D70010C430} = {6A68381E-29C0-4C1C-BF8E-5EEAA51B0363}
		{9B963B12-8569-42EF-9834-154980F532E2} = {69B3A978-3EAE-4E5A-9557-8FD4F453E988}
		{3BB3DCA8-D1B2-4983-ADFF-757368A6A288} = {6A68381E-29C0-4C1C-BF8E-5EEAA51B0363}
		{6A68381E-29C0-4C1C-BF8E-5EEAA51B0363} = {40D16832-FAB4-4221-8F79-2C48782F9E3B}
		{BA37F717-F4AA-43F5-ABD7-4B3956E0A617} = {6A68381E-29C0-4C1C-BF8E-5EEAA51B0363}
		{F7605B0F-0870-410D-B80F-9FFD3534CB96} = {6A68381E-29C0-4C1C-BF8E-5EEAA51B0363}
		{CBC2FF00-9B70-4CD4-942B-DFA601C323B8} = {F7605B0F-0870-410D-B80F-9FFD3534CB96}
	EndGlobalSection
	GlobalSection(ExtensibilityGlobals) = postSolution
		SolutionGuid = {2AA32C7D-C477-4ED0-A46E-1A9A43105022}
	EndGlobalSection
EndGlobal
