
Microsoft Visual Studio Solution File, Format Version 12.00
# Visual Studio Version 17
VisualStudioVersion = 17.11.35208.52
MinimumVisualStudioVersion = 10.0.40219.1
Project("{2150E333-8FDC-42A3-9474-1A3956D46DE8}") = "APICompositionDesignPattern", "APICompositionDesignPattern", "{6EACB905-6447-443B-8EDC-A5B24ACF2D60}"
EndProject
Project("{9A19103F-16F7-4668-BE54-9A1E7A4F7556}") = "A.Microservice", "..\A.Microservice\A.Microservice.csproj", "{508123D2-A1D6-43B4-A7E4-E4EA43AC77E0}"
EndProject
Project("{9A19103F-16F7-4668-BE54-9A1E7A4F7556}") = "B.Microservice", "..\B.Microservice\B.Microservice.csproj", "{D5BD1A60-E7BA-4772-98D3-CD4327BFDE79}"
EndProject
Project("{9A19103F-16F7-4668-BE54-9A1E7A4F7556}") = "Composer.API", "..\Composer.API\Composer.API.csproj", "{5E7AF336-4149-4B0D-BDEC-60CD0C7B2292}"
EndProject
Project("{2150E333-8FDC-42A3-9474-1A3956D46DE8}") = "Saga", "Saga", "{72BA2944-981F-491E-B3B8-B191A9627B6F}"
EndProject
Project("{FAE04EC0-301F-11D3-BF4B-00C04F79EFBC}") = "Saga.Order", "Saga.Order\Saga.Order.csproj", "{233A4E60-7FDD-478D-BCAE-08B92FF666EF}"
EndProject
Project("{FAE04EC0-301F-11D3-BF4B-00C04F79EFBC}") = "Saga.Stock", "Saga.Stock\Saga.Stock.csproj", "{3CD49013-98FE-4059-B691-B8A380344DD0}"
EndProject
Project("{FAE04EC0-301F-11D3-BF4B-00C04F79EFBC}") = "Saga.Payment", "Saga.Payment\Saga.Payment.csproj", "{48EBCD7F-FB0B-451B-8A91-1CBB0A1B022E}"
EndProject
Project("{FAE04EC0-301F-11D3-BF4B-00C04F79EFBC}") = "SagaStateMachine", "SagaStateMachine\SagaStateMachine.csproj", "{C136F049-33C5-4224-9F62-9479DB3C28C4}"
EndProject
Project("{FAE04EC0-301F-11D3-BF4B-00C04F79EFBC}") = "Shared.Events", "Shared.Events\Shared.Events.csproj", "{C01BA7F0-0D2C-4362-8A50-1851E692BADF}"
EndProject
Global
	GlobalSection(SolutionConfigurationPlatforms) = preSolution
		Debug|Any CPU = Debug|Any CPU
		Release|Any CPU = Release|Any CPU
	EndGlobalSection
	GlobalSection(ProjectConfigurationPlatforms) = postSolution
		{508123D2-A1D6-43B4-A7E4-E4EA43AC77E0}.Debug|Any CPU.ActiveCfg = Debug|Any CPU
		{508123D2-A1D6-43B4-A7E4-E4EA43AC77E0}.Debug|Any CPU.Build.0 = Debug|Any CPU
		{508123D2-A1D6-43B4-A7E4-E4EA43AC77E0}.Release|Any CPU.ActiveCfg = Release|Any CPU
		{508123D2-A1D6-43B4-A7E4-E4EA43AC77E0}.Release|Any CPU.Build.0 = Release|Any CPU
		{D5BD1A60-E7BA-4772-98D3-CD4327BFDE79}.Debug|Any CPU.ActiveCfg = Debug|Any CPU
		{D5BD1A60-E7BA-4772-98D3-CD4327BFDE79}.Debug|Any CPU.Build.0 = Debug|Any CPU
		{D5BD1A60-E7BA-4772-98D3-CD4327BFDE79}.Release|Any CPU.ActiveCfg = Release|Any CPU
		{D5BD1A60-E7BA-4772-98D3-CD4327BFDE79}.Release|Any CPU.Build.0 = Release|Any CPU
		{5E7AF336-4149-4B0D-BDEC-60CD0C7B2292}.Debug|Any CPU.ActiveCfg = Debug|Any CPU
		{5E7AF336-4149-4B0D-BDEC-60CD0C7B2292}.Debug|Any CPU.Build.0 = Debug|Any CPU
		{5E7AF336-4149-4B0D-BDEC-60CD0C7B2292}.Release|Any CPU.ActiveCfg = Release|Any CPU
		{5E7AF336-4149-4B0D-BDEC-60CD0C7B2292}.Release|Any CPU.Build.0 = Release|Any CPU
		{233A4E60-7FDD-478D-BCAE-08B92FF666EF}.Debug|Any CPU.ActiveCfg = Debug|Any CPU
		{233A4E60-7FDD-478D-BCAE-08B92FF666EF}.Debug|Any CPU.Build.0 = Debug|Any CPU
		{233A4E60-7FDD-478D-BCAE-08B92FF666EF}.Release|Any CPU.ActiveCfg = Release|Any CPU
		{233A4E60-7FDD-478D-BCAE-08B92FF666EF}.Release|Any CPU.Build.0 = Release|Any CPU
		{3CD49013-98FE-4059-B691-B8A380344DD0}.Debug|Any CPU.ActiveCfg = Debug|Any CPU
		{3CD49013-98FE-4059-B691-B8A380344DD0}.Debug|Any CPU.Build.0 = Debug|Any CPU
		{3CD49013-98FE-4059-B691-B8A380344DD0}.Release|Any CPU.ActiveCfg = Release|Any CPU
		{3CD49013-98FE-4059-B691-B8A380344DD0}.Release|Any CPU.Build.0 = Release|Any CPU
		{48EBCD7F-FB0B-451B-8A91-1CBB0A1B022E}.Debug|Any CPU.ActiveCfg = Debug|Any CPU
		{48EBCD7F-FB0B-451B-8A91-1CBB0A1B022E}.Debug|Any CPU.Build.0 = Debug|Any CPU
		{48EBCD7F-FB0B-451B-8A91-1CBB0A1B022E}.Release|Any CPU.ActiveCfg = Release|Any CPU
		{48EBCD7F-FB0B-451B-8A91-1CBB0A1B022E}.Release|Any CPU.Build.0 = Release|Any CPU
		{C136F049-33C5-4224-9F62-9479DB3C28C4}.Debug|Any CPU.ActiveCfg = Debug|Any CPU
		{C136F049-33C5-4224-9F62-9479DB3C28C4}.Debug|Any CPU.Build.0 = Debug|Any CPU
		{C136F049-33C5-4224-9F62-9479DB3C28C4}.Release|Any CPU.ActiveCfg = Release|Any CPU
		{C136F049-33C5-4224-9F62-9479DB3C28C4}.Release|Any CPU.Build.0 = Release|Any CPU
		{C01BA7F0-0D2C-4362-8A50-1851E692BADF}.Debug|Any CPU.ActiveCfg = Debug|Any CPU
		{C01BA7F0-0D2C-4362-8A50-1851E692BADF}.Debug|Any CPU.Build.0 = Debug|Any CPU
		{C01BA7F0-0D2C-4362-8A50-1851E692BADF}.Release|Any CPU.ActiveCfg = Release|Any CPU
		{C01BA7F0-0D2C-4362-8A50-1851E692BADF}.Release|Any CPU.Build.0 = Release|Any CPU
	EndGlobalSection
	GlobalSection(SolutionProperties) = preSolution
		HideSolutionNode = FALSE
	EndGlobalSection
	GlobalSection(NestedProjects) = preSolution
		{508123D2-A1D6-43B4-A7E4-E4EA43AC77E0} = {6EACB905-6447-443B-8EDC-A5B24ACF2D60}
		{D5BD1A60-E7BA-4772-98D3-CD4327BFDE79} = {6EACB905-6447-443B-8EDC-A5B24ACF2D60}
		{5E7AF336-4149-4B0D-BDEC-60CD0C7B2292} = {6EACB905-6447-443B-8EDC-A5B24ACF2D60}
		{233A4E60-7FDD-478D-BCAE-08B92FF666EF} = {72BA2944-981F-491E-B3B8-B191A9627B6F}
		{3CD49013-98FE-4059-B691-B8A380344DD0} = {72BA2944-981F-491E-B3B8-B191A9627B6F}
		{48EBCD7F-FB0B-451B-8A91-1CBB0A1B022E} = {72BA2944-981F-491E-B3B8-B191A9627B6F}
		{C136F049-33C5-4224-9F62-9479DB3C28C4} = {72BA2944-981F-491E-B3B8-B191A9627B6F}
		{C01BA7F0-0D2C-4362-8A50-1851E692BADF} = {72BA2944-981F-491E-B3B8-B191A9627B6F}
	EndGlobalSection
	GlobalSection(ExtensibilityGlobals) = postSolution
		SolutionGuid = {2AA32C7D-C477-4ED0-A46E-1A9A43105022}
	EndGlobalSection
EndGlobal
