
Microsoft Visual Studio Solution File, Format Version 12.00
# Visual Studio Version 17
VisualStudioVersion = 17.11.35208.52
MinimumVisualStudioVersion = 10.0.40219.1
Project("{2150E333-8FDC-42A3-9474-1A3956D46DE8}") = "Order", "Order", "{40D16832-FAB4-4221-8F79-2C48782F9E3B}"
EndProject
Project("{2150E333-8FDC-42A3-9474-1A3956D46DE8}") = "Stock", "Stock", "{9109851C-0AE1-421D-9F5D-F2DE87231C19}"
EndProject
Project("{2150E333-8FDC-42A3-9474-1A3956D46DE8}") = "Payment", "Payment", "{A50D4AD5-5482-4338-A0F7-86FD0D067FA5}"
EndProject
Project("{9A19103F-16F7-4668-BE54-9A1E7A4F7556}") = "Order.Repository", "Order.Repository\Order.Repository.csproj", "{E487D595-F10E-4595-A466-596978A274C8}"
EndProject
Project("{9A19103F-16F7-4668-BE54-9A1E7A4F7556}") = "Order.Service", "Order.Service\Order.Service.csproj", "{7A669060-CF31-4703-955D-4DACCE26A323}"
EndProject
Project("{9A19103F-16F7-4668-BE54-9A1E7A4F7556}") = "Order.API", "Order.API\Order.API.csproj", "{F810CE38-AF74-404C-96C7-35D70010C430}"
EndProject
Project("{9A19103F-16F7-4668-BE54-9A1E7A4F7556}") = "Stock.Repository", "Stock.Repository\Stock.Repository.csproj", "{4722180B-38C6-40CD-89E2-F22FA28A1FB8}"
EndProject
Project("{9A19103F-16F7-4668-BE54-9A1E7A4F7556}") = "Stock.Service", "Stock.Service\Stock.Service.csproj", "{47972F9F-8BA0-428E-8E32-18B846F06F57}"
EndProject
Project("{FAE04EC0-301F-11D3-BF4B-00C04F79EFBC}") = "Stock.API", "Stock.API\Stock.API.csproj", "{E96F1944-8A2D-4261-9371-8C115F7537E4}"
EndProject
Project("{2150E333-8FDC-42A3-9474-1A3956D46DE8}") = "Bus", "Bus", "{69B3A978-3EAE-4E5A-9557-8FD4F453E988}"
EndProject
Project("{FAE04EC0-301F-11D3-BF4B-00C04F79EFBC}") = "ServiceBus", "ServiceBus\ServiceBus.csproj", "{9B963B12-8569-42EF-9834-154980F532E2}"
EndProject
Global
	GlobalSection(SolutionConfigurationPlatforms) = preSolution
		Debug|Any CPU = Debug|Any CPU
		Release|Any CPU = Release|Any CPU
	EndGlobalSection
	GlobalSection(ProjectConfigurationPlatforms) = postSolution
		{E487D595-F10E-4595-A466-596978A274C8}.Debug|Any CPU.ActiveCfg = Debug|Any CPU
		{E487D595-F10E-4595-A466-596978A274C8}.Debug|Any CPU.Build.0 = Debug|Any CPU
		{E487D595-F10E-4595-A466-596978A274C8}.Release|Any CPU.ActiveCfg = Release|Any CPU
		{E487D595-F10E-4595-A466-596978A274C8}.Release|Any CPU.Build.0 = Release|Any CPU
		{7A669060-CF31-4703-955D-4DACCE26A323}.Debug|Any CPU.ActiveCfg = Debug|Any CPU
		{7A669060-CF31-4703-955D-4DACCE26A323}.Debug|Any CPU.Build.0 = Debug|Any CPU
		{7A669060-CF31-4703-955D-4DACCE26A323}.Release|Any CPU.ActiveCfg = Release|Any CPU
		{7A669060-CF31-4703-955D-4DACCE26A323}.Release|Any CPU.Build.0 = Release|Any CPU
		{F810CE38-AF74-404C-96C7-35D70010C430}.Debug|Any CPU.ActiveCfg = Debug|Any CPU
		{F810CE38-AF74-404C-96C7-35D70010C430}.Debug|Any CPU.Build.0 = Debug|Any CPU
		{F810CE38-AF74-404C-96C7-35D70010C430}.Release|Any CPU.ActiveCfg = Release|Any CPU
		{F810CE38-AF74-404C-96C7-35D70010C430}.Release|Any CPU.Build.0 = Release|Any CPU
		{4722180B-38C6-40CD-89E2-F22FA28A1FB8}.Debug|Any CPU.ActiveCfg = Debug|Any CPU
		{4722180B-38C6-40CD-89E2-F22FA28A1FB8}.Debug|Any CPU.Build.0 = Debug|Any CPU
		{4722180B-38C6-40CD-89E2-F22FA28A1FB8}.Release|Any CPU.ActiveCfg = Release|Any CPU
		{4722180B-38C6-40CD-89E2-F22FA28A1FB8}.Release|Any CPU.Build.0 = Release|Any CPU
		{47972F9F-8BA0-428E-8E32-18B846F06F57}.Debug|Any CPU.ActiveCfg = Debug|Any CPU
		{47972F9F-8BA0-428E-8E32-18B846F06F57}.Debug|Any CPU.Build.0 = Debug|Any CPU
		{47972F9F-8BA0-428E-8E32-18B846F06F57}.Release|Any CPU.ActiveCfg = Release|Any CPU
		{47972F9F-8BA0-428E-8E32-18B846F06F57}.Release|Any CPU.Build.0 = Release|Any CPU
		{E96F1944-8A2D-4261-9371-8C115F7537E4}.Debug|Any CPU.ActiveCfg = Debug|Any CPU
		{E96F1944-8A2D-4261-9371-8C115F7537E4}.Debug|Any CPU.Build.0 = Debug|Any CPU
		{E96F1944-8A2D-4261-9371-8C115F7537E4}.Release|Any CPU.ActiveCfg = Release|Any CPU
		{E96F1944-8A2D-4261-9371-8C115F7537E4}.Release|Any CPU.Build.0 = Release|Any CPU
		{9B963B12-8569-42EF-9834-154980F532E2}.Debug|Any CPU.ActiveCfg = Debug|Any CPU
		{9B963B12-8569-42EF-9834-154980F532E2}.Debug|Any CPU.Build.0 = Debug|Any CPU
		{9B963B12-8569-42EF-9834-154980F532E2}.Release|Any CPU.ActiveCfg = Release|Any CPU
		{9B963B12-8569-42EF-9834-154980F532E2}.Release|Any CPU.Build.0 = Release|Any CPU
	EndGlobalSection
	GlobalSection(SolutionProperties) = preSolution
		HideSolutionNode = FALSE
	EndGlobalSection
	GlobalSection(NestedProjects) = preSolution
		{E487D595-F10E-4595-A466-596978A274C8} = {40D16832-FAB4-4221-8F79-2C48782F9E3B}
		{7A669060-CF31-4703-955D-4DACCE26A323} = {40D16832-FAB4-4221-8F79-2C48782F9E3B}
		{F810CE38-AF74-404C-96C7-35D70010C430} = {40D16832-FAB4-4221-8F79-2C48782F9E3B}
		{4722180B-38C6-40CD-89E2-F22FA28A1FB8} = {9109851C-0AE1-421D-9F5D-F2DE87231C19}
		{47972F9F-8BA0-428E-8E32-18B846F06F57} = {9109851C-0AE1-421D-9F5D-F2DE87231C19}
		{E96F1944-8A2D-4261-9371-8C115F7537E4} = {9109851C-0AE1-421D-9F5D-F2DE87231C19}
		{9B963B12-8569-42EF-9834-154980F532E2} = {69B3A978-3EAE-4E5A-9557-8FD4F453E988}
	EndGlobalSection
	GlobalSection(ExtensibilityGlobals) = postSolution
		SolutionGuid = {2AA32C7D-C477-4ED0-A46E-1A9A43105022}
	EndGlobalSection
EndGlobal
